
Microsoft Visual Studio Solution File, Format Version 12.00
# Visual Studio 15
VisualStudioVersion = 15.0.28307.329
MinimumVisualStudioVersion = 10.0.40219.1
Project("{FAE04EC0-301F-11D3-BF4B-00C04F79EFBC}") = "Kurs.ConsoleApp", "Kurs.ConsoleApp\Kurs.ConsoleApp.csproj", "{A654FD60-64FD-431C-9E61-D9F966D7E810}"
EndProject
Project("{FAE04EC0-301F-11D3-BF4B-00C04F79EFBC}") = "KursTest", "KursTest\KursTest.csproj", "{FFD3B3C3-09F1-477D-A590-233FC8CAB256}"
EndProject
Project("{FAE04EC0-301F-11D3-BF4B-00C04F79EFBC}") = "Kurs.Primary", "Kurs.Primary\Kurs.Primary.csproj", "{906CE60C-4220-4FEA-95C8-61D69F58E149}"
EndProject
Global
	GlobalSection(SolutionConfigurationPlatforms) = preSolution
		Debug|Any CPU = Debug|Any CPU
		Release|Any CPU = Release|Any CPU
	EndGlobalSection
	GlobalSection(ProjectConfigurationPlatforms) = postSolution
		{A654FD60-64FD-431C-9E61-D9F966D7E810}.Debug|Any CPU.ActiveCfg = Debug|Any CPU
		{A654FD60-64FD-431C-9E61-D9F966D7E810}.Debug|Any CPU.Build.0 = Debug|Any CPU
		{A654FD60-64FD-431C-9E61-D9F966D7E810}.Release|Any CPU.ActiveCfg = Release|Any CPU
		{A654FD60-64FD-431C-9E61-D9F966D7E810}.Release|Any CPU.Build.0 = Release|Any CPU
		{FFD3B3C3-09F1-477D-A590-233FC8CAB256}.Debug|Any CPU.ActiveCfg = Debug|Any CPU
		{FFD3B3C3-09F1-477D-A590-233FC8CAB256}.Debug|Any CPU.Build.0 = Debug|Any CPU
		{FFD3B3C3-09F1-477D-A590-233FC8CAB256}.Release|Any CPU.ActiveCfg = Release|Any CPU
		{FFD3B3C3-09F1-477D-A590-233FC8CAB256}.Release|Any CPU.Build.0 = Release|Any CPU
		{906CE60C-4220-4FEA-95C8-61D69F58E149}.Debug|Any CPU.ActiveCfg = Debug|Any CPU
		{906CE60C-4220-4FEA-95C8-61D69F58E149}.Debug|Any CPU.Build.0 = Debug|Any CPU
		{906CE60C-4220-4FEA-95C8-61D69F58E149}.Release|Any CPU.ActiveCfg = Release|Any CPU
		{906CE60C-4220-4FEA-95C8-61D69F58E149}.Release|Any CPU.Build.0 = Release|Any CPU
	EndGlobalSection
	GlobalSection(SolutionProperties) = preSolution
		HideSolutionNode = FALSE
	EndGlobalSection
	GlobalSection(ExtensibilityGlobals) = postSolution
		SolutionGuid = {B2C4239D-F4D7-4CF7-87E8-A6EB4BDA4402}
	EndGlobalSection
EndGlobal
